// !$*UTF8*$!
{
	archiveVersion = 1;
	classes = {
	};
	objectVersion = 46;
	objects = {

/* Begin PBXBuildFile section */
		373FA3FE1E0B790900A20A9A /* AppDelegate.swift in Sources */ = {isa = PBXBuildFile; fileRef = 373FA3FD1E0B790900A20A9A /* AppDelegate.swift */; };
		373FA4001E0B790900A20A9A /* ViewController.swift in Sources */ = {isa = PBXBuildFile; fileRef = 373FA3FF1E0B790900A20A9A /* ViewController.swift */; };
		373FA4031E0B790900A20A9A /* Main.storyboard in Resources */ = {isa = PBXBuildFile; fileRef = 373FA4011E0B790900A20A9A /* Main.storyboard */; };
		373FA4061E0B790900A20A9A /* ISS_Pager.xcdatamodeld in Sources */ = {isa = PBXBuildFile; fileRef = 373FA4041E0B790900A20A9A /* ISS_Pager.xcdatamodeld */; };
		373FA4081E0B790900A20A9A /* Assets.xcassets in Resources */ = {isa = PBXBuildFile; fileRef = 373FA4071E0B790900A20A9A /* Assets.xcassets */; };
		373FA40B1E0B790900A20A9A /* LaunchScreen.storyboard in Resources */ = {isa = PBXBuildFile; fileRef = 373FA4091E0B790900A20A9A /* LaunchScreen.storyboard */; };
		373FA41A1E0B8AA100A20A9A /* ISSAPI.swift in Sources */ = {isa = PBXBuildFile; fileRef = 373FA4191E0B8AA100A20A9A /* ISSAPI.swift */; };
		373FA41C1E0B8FCE00A20A9A /* ISSExtensions.swift in Sources */ = {isa = PBXBuildFile; fileRef = 373FA41B1E0B8FCE00A20A9A /* ISSExtensions.swift */; };
		373FA41E1E0B965E00A20A9A /* ISSPagerCoreDataManager.swift in Sources */ = {isa = PBXBuildFile; fileRef = 373FA41D1E0B965E00A20A9A /* ISSPagerCoreDataManager.swift */; };
		8AFFB5CC24F2E838CD99D8E5 /* Pods_ISS_Pager.framework in Frameworks */ = {isa = PBXBuildFile; fileRef = FDB730B131254ED78A858713 /* Pods_ISS_Pager.framework */; };
/* End PBXBuildFile section */

/* Begin PBXFileReference section */
		373FA3FA1E0B790900A20A9A /* ISS Pager.app */ = {isa = PBXFileReference; explicitFileType = wrapper.application; includeInIndex = 0; path = "ISS Pager.app"; sourceTree = BUILT_PRODUCTS_DIR; };
		373FA3FD1E0B790900A20A9A /* AppDelegate.swift */ = {isa = PBXFileReference; lastKnownFileType = sourcecode.swift; path = AppDelegate.swift; sourceTree = "<group>"; };
		373FA3FF1E0B790900A20A9A /* ViewController.swift */ = {isa = PBXFileReference; lastKnownFileType = sourcecode.swift; path = ViewController.swift; sourceTree = "<group>"; };
		373FA4021E0B790900A20A9A /* Base */ = {isa = PBXFileReference; lastKnownFileType = file.storyboard; name = Base; path = Base.lproj/Main.storyboard; sourceTree = "<group>"; };
		373FA4051E0B790900A20A9A /* ISS_Pager.xcdatamodel */ = {isa = PBXFileReference; lastKnownFileType = wrapper.xcdatamodel; path = ISS_Pager.xcdatamodel; sourceTree = "<group>"; };
		373FA4071E0B790900A20A9A /* Assets.xcassets */ = {isa = PBXFileReference; lastKnownFileType = folder.assetcatalog; path = Assets.xcassets; sourceTree = "<group>"; };
		373FA40A1E0B790900A20A9A /* Base */ = {isa = PBXFileReference; lastKnownFileType = file.storyboard; name = Base; path = Base.lproj/LaunchScreen.storyboard; sourceTree = "<group>"; };
		373FA40C1E0B790900A20A9A /* Info.plist */ = {isa = PBXFileReference; lastKnownFileType = text.plist.xml; path = Info.plist; sourceTree = "<group>"; };
		373FA4191E0B8AA100A20A9A /* ISSAPI.swift */ = {isa = PBXFileReference; fileEncoding = 4; lastKnownFileType = sourcecode.swift; path = ISSAPI.swift; sourceTree = "<group>"; };
		373FA41B1E0B8FCE00A20A9A /* ISSExtensions.swift */ = {isa = PBXFileReference; fileEncoding = 4; lastKnownFileType = sourcecode.swift; path = ISSExtensions.swift; sourceTree = "<group>"; };
		373FA41D1E0B965E00A20A9A /* ISSPagerCoreDataManager.swift */ = {isa = PBXFileReference; fileEncoding = 4; lastKnownFileType = sourcecode.swift; path = ISSPagerCoreDataManager.swift; sourceTree = "<group>"; };
		E88A4BBB66C44903DA2B324E /* Pods-ISS Pager.debug.xcconfig */ = {isa = PBXFileReference; includeInIndex = 1; lastKnownFileType = text.xcconfig; name = "Pods-ISS Pager.debug.xcconfig"; path = "Pods/Target Support Files/Pods-ISS Pager/Pods-ISS Pager.debug.xcconfig"; sourceTree = "<group>"; };
		F9C6B267FD4AA95EC7DC21C7 /* Pods-ISS Pager.release.xcconfig */ = {isa = PBXFileReference; includeInIndex = 1; lastKnownFileType = text.xcconfig; name = "Pods-ISS Pager.release.xcconfig"; path = "Pods/Target Support Files/Pods-ISS Pager/Pods-ISS Pager.release.xcconfig"; sourceTree = "<group>"; };
		FDB730B131254ED78A858713 /* Pods_ISS_Pager.framework */ = {isa = PBXFileReference; explicitFileType = wrapper.framework; includeInIndex = 0; path = Pods_ISS_Pager.framework; sourceTree = BUILT_PRODUCTS_DIR; };
/* End PBXFileReference section */

/* Begin PBXFrameworksBuildPhase section */
		373FA3F71E0B790900A20A9A /* Frameworks */ = {
			isa = PBXFrameworksBuildPhase;
			buildActionMask = 2147483647;
			files = (
				8AFFB5CC24F2E838CD99D8E5 /* Pods_ISS_Pager.framework in Frameworks */,
			);
			runOnlyForDeploymentPostprocessing = 0;
		};
/* End PBXFrameworksBuildPhase section */

/* Begin PBXGroup section */
		373FA3F11E0B790900A20A9A = {
			isa = PBXGroup;
			children = (
				373FA3FC1E0B790900A20A9A /* ISS Pager */,
				373FA3FB1E0B790900A20A9A /* Products */,
				E64DAA01E180A6BC06F49A5C /* Pods */,
				A3DF5EC7933250A83DE1E047 /* Frameworks */,
			);
			sourceTree = "<group>";
		};
		373FA3FB1E0B790900A20A9A /* Products */ = {
			isa = PBXGroup;
			children = (
				373FA3FA1E0B790900A20A9A /* ISS Pager.app */,
			);
			name = Products;
			sourceTree = "<group>";
		};
		373FA3FC1E0B790900A20A9A /* ISS Pager */ = {
			isa = PBXGroup;
			children = (
				373FA3FD1E0B790900A20A9A /* AppDelegate.swift */,
				373FA4171E0B7C3F00A20A9A /* Helpers */,
				373FA4151E0B7C1100A20A9A /* Views */,
				373FA4141E0B7C0900A20A9A /* View Controllers */,
				373FA4131E0B7C0300A20A9A /* Core Data */,
				373FA4121E0B7BF800A20A9A /* Network */,
				373FA3FF1E0B790900A20A9A /* ViewController.swift */,
				373FA4011E0B790900A20A9A /* Main.storyboard */,
				373FA4071E0B790900A20A9A /* Assets.xcassets */,
				373FA4091E0B790900A20A9A /* LaunchScreen.storyboard */,
				373FA40C1E0B790900A20A9A /* Info.plist */,
			);
			path = "ISS Pager";
			sourceTree = "<group>";
		};
		373FA4121E0B7BF800A20A9A /* Network */ = {
			isa = PBXGroup;
			children = (
				373FA4191E0B8AA100A20A9A /* ISSAPI.swift */,
			);
			name = Network;
			sourceTree = "<group>";
		};
		373FA4131E0B7C0300A20A9A /* Core Data */ = {
			isa = PBXGroup;
			children = (
				373FA4041E0B790900A20A9A /* ISS_Pager.xcdatamodeld */,
				373FA41D1E0B965E00A20A9A /* ISSPagerCoreDataManager.swift */,
			);
			name = "Core Data";
			sourceTree = "<group>";
		};
		373FA4141E0B7C0900A20A9A /* View Controllers */ = {
			isa = PBXGroup;
			children = (
			);
			name = "View Controllers";
			sourceTree = "<group>";
		};
		373FA4151E0B7C1100A20A9A /* Views */ = {
			isa = PBXGroup;
			children = (
				373FA4181E0B7CD800A20A9A /* Map */,
			);
			name = Views;
			sourceTree = "<group>";
		};
		373FA4171E0B7C3F00A20A9A /* Helpers */ = {
			isa = PBXGroup;
			children = (
				373FA41B1E0B8FCE00A20A9A /* ISSExtensions.swift */,
			);
			name = Helpers;
			sourceTree = "<group>";
		};
		373FA4181E0B7CD800A20A9A /* Map */ = {
			isa = PBXGroup;
			children = (
			);
			name = Map;
			sourceTree = "<group>";
		};
		A3DF5EC7933250A83DE1E047 /* Frameworks */ = {
			isa = PBXGroup;
			children = (
				FDB730B131254ED78A858713 /* Pods_ISS_Pager.framework */,
			);
			name = Frameworks;
			sourceTree = "<group>";
		};
		E64DAA01E180A6BC06F49A5C /* Pods */ = {
			isa = PBXGroup;
			children = (
				E88A4BBB66C44903DA2B324E /* Pods-ISS Pager.debug.xcconfig */,
				F9C6B267FD4AA95EC7DC21C7 /* Pods-ISS Pager.release.xcconfig */,
			);
			name = Pods;
			sourceTree = "<group>";
		};
/* End PBXGroup section */

/* Begin PBXNativeTarget section */
		373FA3F91E0B790900A20A9A /* ISS Pager */ = {
			isa = PBXNativeTarget;
			buildConfigurationList = 373FA40F1E0B790900A20A9A /* Build configuration list for PBXNativeTarget "ISS Pager" */;
			buildPhases = (
				38FD310351C50E02E57A5F70 /* [CP] Check Pods Manifest.lock */,
				373FA3F61E0B790900A20A9A /* Sources */,
				373FA3F71E0B790900A20A9A /* Frameworks */,
				373FA3F81E0B790900A20A9A /* Resources */,
				063E6FE090DE786FB09279CF /* [CP] Embed Pods Frameworks */,
				AC340CCFB8EE0D7710BE6292 /* [CP] Copy Pods Resources */,
			);
			buildRules = (
			);
			dependencies = (
			);
			name = "ISS Pager";
			productName = "ISS Pager";
			productReference = 373FA3FA1E0B790900A20A9A /* ISS Pager.app */;
			productType = "com.apple.product-type.application";
		};
/* End PBXNativeTarget section */

/* Begin PBXProject section */
		373FA3F21E0B790900A20A9A /* Project object */ = {
			isa = PBXProject;
			attributes = {
				LastSwiftUpdateCheck = 0820;
				LastUpgradeCheck = 0820;
				ORGANIZATIONNAME = "Dedual Enterprises Inc";
				TargetAttributes = {
					373FA3F91E0B790900A20A9A = {
						CreatedOnToolsVersion = 8.2.1;
						ProvisioningStyle = Automatic;
					};
				};
			};
			buildConfigurationList = 373FA3F51E0B790900A20A9A /* Build configuration list for PBXProject "ISS Pager" */;
			compatibilityVersion = "Xcode 3.2";
			developmentRegion = English;
			hasScannedForEncodings = 0;
			knownRegions = (
				en,
				Base,
			);
			mainGroup = 373FA3F11E0B790900A20A9A;
			productRefGroup = 373FA3FB1E0B790900A20A9A /* Products */;
			projectDirPath = "";
			projectRoot = "";
			targets = (
				373FA3F91E0B790900A20A9A /* ISS Pager */,
			);
		};
/* End PBXProject section */

/* Begin PBXResourcesBuildPhase section */
		373FA3F81E0B790900A20A9A /* Resources */ = {
			isa = PBXResourcesBuildPhase;
			buildActionMask = 2147483647;
			files = (
				373FA40B1E0B790900A20A9A /* LaunchScreen.storyboard in Resources */,
				373FA4081E0B790900A20A9A /* Assets.xcassets in Resources */,
				373FA4031E0B790900A20A9A /* Main.storyboard in Resources */,
			);
			runOnlyForDeploymentPostprocessing = 0;
		};
/* End PBXResourcesBuildPhase section */

/* Begin PBXShellScriptBuildPhase section */
		063E6FE090DE786FB09279CF /* [CP] Embed Pods Frameworks */ = {
			isa = PBXShellScriptBuildPhase;
			buildActionMask = 2147483647;
			files = (
			);
			inputPaths = (
			);
			name = "[CP] Embed Pods Frameworks";
			outputPaths = (
			);
			runOnlyForDeploymentPostprocessing = 0;
			shellPath = /bin/sh;
			shellScript = "\"${SRCROOT}/Pods/Target Support Files/Pods-ISS Pager/Pods-ISS Pager-frameworks.sh\"\n";
			showEnvVarsInLog = 0;
		};
		38FD310351C50E02E57A5F70 /* [CP] Check Pods Manifest.lock */ = {
			isa = PBXShellScriptBuildPhase;
			buildActionMask = 2147483647;
			files = (
			);
			inputPaths = (
			);
			name = "[CP] Check Pods Manifest.lock";
			outputPaths = (
			);
			runOnlyForDeploymentPostprocessing = 0;
			shellPath = /bin/sh;
			shellScript = "diff \"${PODS_ROOT}/../Podfile.lock\" \"${PODS_ROOT}/Manifest.lock\" > /dev/null\nif [ $? != 0 ] ; then\n    # print error to STDERR\n    echo \"error: The sandbox is not in sync with the Podfile.lock. Run 'pod install' or update your CocoaPods installation.\" >&2\n    exit 1\nfi\n";
			showEnvVarsInLog = 0;
		};
		AC340CCFB8EE0D7710BE6292 /* [CP] Copy Pods Resources */ = {
			isa = PBXShellScriptBuildPhase;
			buildActionMask = 2147483647;
			files = (
			);
			inputPaths = (
			);
			name = "[CP] Copy Pods Resources";
			outputPaths = (
			);
			runOnlyForDeploymentPostprocessing = 0;
			shellPath = /bin/sh;
			shellScript = "\"${SRCROOT}/Pods/Target Support Files/Pods-ISS Pager/Pods-ISS Pager-resources.sh\"\n";
			showEnvVarsInLog = 0;
		};
/* End PBXShellScriptBuildPhase section */

/* Begin PBXSourcesBuildPhase section */
		373FA3F61E0B790900A20A9A /* Sources */ = {
			isa = PBXSourcesBuildPhase;
			buildActionMask = 2147483647;
			files = (
				373FA41A1E0B8AA100A20A9A /* ISSAPI.swift in Sources */,
				373FA4001E0B790900A20A9A /* ViewController.swift in Sources */,
				373FA3FE1E0B790900A20A9A /* AppDelegate.swift in Sources */,
				373FA4061E0B790900A20A9A /* ISS_Pager.xcdatamodeld in Sources */,
				373FA41E1E0B965E00A20A9A /* ISSPagerCoreDataManager.swift in Sources */,
				373FA41C1E0B8FCE00A20A9A /* ISSExtensions.swift in Sources */,
			);
			runOnlyForDeploymentPostprocessing = 0;
		};
/* End PBXSourcesBuildPhase section */

/* Begin PBXVariantGroup section */
		373FA4011E0B790900A20A9A /* Main.storyboard */ = {
			isa = PBXVariantGroup;
			children = (
				373FA4021E0B790900A20A9A /* Base */,
			);
			name = Main.storyboard;
			sourceTree = "<group>";
		};
		373FA4091E0B790900A20A9A /* LaunchScreen.storyboard */ = {
			isa = PBXVariantGroup;
			children = (
				373FA40A1E0B790900A20A9A /* Base */,
			);
			name = LaunchScreen.storyboard;
			sourceTree = "<group>";
		};
/* End PBXVariantGroup section */

/* Begin XCBuildConfiguration section */
		373FA40D1E0B790900A20A9A /* Debug */ = {
			isa = XCBuildConfiguration;
			buildSettings = {
				ALWAYS_SEARCH_USER_PATHS = NO;
				CLANG_ANALYZER_NONNULL = YES;
				CLANG_CXX_LANGUAGE_STANDARD = "gnu++0x";
				CLANG_CXX_LIBRARY = "libc++";
				CLANG_ENABLE_MODULES = YES;
				CLANG_ENABLE_OBJC_ARC = YES;
				CLANG_WARN_BOOL_CONVERSION = YES;
				CLANG_WARN_CONSTANT_CONVERSION = YES;
				CLANG_WARN_DIRECT_OBJC_ISA_USAGE = YES_ERROR;
				CLANG_WARN_DOCUMENTATION_COMMENTS = YES;
				CLANG_WARN_EMPTY_BODY = YES;
				CLANG_WARN_ENUM_CONVERSION = YES;
				CLANG_WARN_INFINITE_RECURSION = YES;
				CLANG_WARN_INT_CONVERSION = YES;
				CLANG_WARN_OBJC_ROOT_CLASS = YES_ERROR;
				CLANG_WARN_SUSPICIOUS_MOVE = YES;
				CLANG_WARN_UNREACHABLE_CODE = YES;
				CLANG_WARN__DUPLICATE_METHOD_MATCH = YES;
				"CODE_SIGN_IDENTITY[sdk=iphoneos*]" = "iPhone Developer";
				COPY_PHASE_STRIP = NO;
				DEBUG_INFORMATION_FORMAT = dwarf;
				ENABLE_STRICT_OBJC_MSGSEND = YES;
				ENABLE_TESTABILITY = YES;
				GCC_C_LANGUAGE_STANDARD = gnu99;
				GCC_DYNAMIC_NO_PIC = NO;
				GCC_NO_COMMON_BLOCKS = YES;
				GCC_OPTIMIZATION_LEVEL = 0;
				GCC_PREPROCESSOR_DEFINITIONS = (
					"DEBUG=1",
					"$(inherited)",
				);
				GCC_WARN_64_TO_32_BIT_CONVERSION = YES;
				GCC_WARN_ABOUT_RETURN_TYPE = YES_ERROR;
				GCC_WARN_UNDECLARED_SELECTOR = YES;
				GCC_WARN_UNINITIALIZED_AUTOS = YES_AGGRESSIVE;
				GCC_WARN_UNUSED_FUNCTION = YES;
				GCC_WARN_UNUSED_VARIABLE = YES;
				IPHONEOS_DEPLOYMENT_TARGET = 10.2;
				MTL_ENABLE_DEBUG_INFO = YES;
				ONLY_ACTIVE_ARCH = YES;
				SDKROOT = iphoneos;
				SWIFT_ACTIVE_COMPILATION_CONDITIONS = DEBUG;
				SWIFT_OPTIMIZATION_LEVEL = "-Onone";
			};
			name = Debug;
		};
		373FA40E1E0B790900A20A9A /* Release */ = {
			isa = XCBuildConfiguration;
			buildSettings = {
				ALWAYS_SEARCH_USER_PATHS = NO;
				CLANG_ANALYZER_NONNULL = YES;
				CLANG_CXX_LANGUAGE_STANDARD = "gnu++0x";
				CLANG_CXX_LIBRARY = "libc++";
				CLANG_ENABLE_MODULES = YES;
				CLANG_ENABLE_OBJC_ARC = YES;
				CLANG_WARN_BOOL_CONVERSION = YES;
				CLANG_WARN_CONSTANT_CONVERSION = YES;
				CLANG_WARN_DIRECT_OBJC_ISA_USAGE = YES_ERROR;
				CLANG_WARN_DOCUMENTATION_COMMENTS = YES;
				CLANG_WARN_EMPTY_BODY = YES;
				CLANG_WARN_ENUM_CONVERSION = YES;
				CLANG_WARN_INFINITE_RECURSION = YES;
				CLANG_WARN_INT_CONVERSION = YES;
				CLANG_WARN_OBJC_ROOT_CLASS = YES_ERROR;
				CLANG_WARN_SUSPICIOUS_MOVE = YES;
				CLANG_WARN_UNREACHABLE_CODE = YES;
				CLANG_WARN__DUPLICATE_METHOD_MATCH = YES;
				"CODE_SIGN_IDENTITY[sdk=iphoneos*]" = "iPhone Developer";
				COPY_PHASE_STRIP = NO;
				DEBUG_INFORMATION_FORMAT = "dwarf-with-dsym";
				ENABLE_NS_ASSERTIONS = NO;
				ENABLE_STRICT_OBJC_MSGSEND = YES;
				GCC_C_LANGUAGE_STANDARD = gnu99;
				GCC_NO_COMMON_BLOCKS = YES;
				GCC_WARN_64_TO_32_BIT_CONVERSION = YES;
				GCC_WARN_ABOUT_RETURN_TYPE = YES_ERROR;
				GCC_WARN_UNDECLARED_SELECTOR = YES;
				GCC_WARN_UNINITIALIZED_AUTOS = YES_AGGRESSIVE;
				GCC_WARN_UNUSED_FUNCTION = YES;
				GCC_WARN_UNUSED_VARIABLE = YES;
				IPHONEOS_DEPLOYMENT_TARGET = 10.2;
				MTL_ENABLE_DEBUG_INFO = NO;
				SDKROOT = iphoneos;
				SWIFT_OPTIMIZATION_LEVEL = "-Owholemodule";
				VALIDATE_PRODUCT = YES;
			};
			name = Release;
		};
		373FA4101E0B790900A20A9A /* Debug */ = {
			isa = XCBuildConfiguration;
			baseConfigurationReference = E88A4BBB66C44903DA2B324E /* Pods-ISS Pager.debug.xcconfig */;
			buildSettings = {
				ALWAYS_EMBED_SWIFT_STANDARD_LIBRARIES = YES;
				ASSETCATALOG_COMPILER_APPICON_NAME = AppIcon;
				INFOPLIST_FILE = "ISS Pager/Info.plist";
				IPHONEOS_DEPLOYMENT_TARGET = 9.3;
				LD_RUNPATH_SEARCH_PATHS = "$(inherited) @executable_path/Frameworks";
				PRODUCT_BUNDLE_IDENTIFIER = "com.deent.ISS-Pager";
				PRODUCT_NAME = "$(TARGET_NAME)";
				SWIFT_VERSION = 3.0;
			};
			name = Debug;
		};
		373FA4111E0B790900A20A9A /* Release */ = {
			isa = XCBuildConfiguration;
			baseConfigurationReference = F9C6B267FD4AA95EC7DC21C7 /* Pods-ISS Pager.release.xcconfig */;
			buildSettings = {
				ALWAYS_EMBED_SWIFT_STANDARD_LIBRARIES = YES;
				ASSETCATALOG_COMPILER_APPICON_NAME = AppIcon;
				INFOPLIST_FILE = "ISS Pager/Info.plist";
				IPHONEOS_DEPLOYMENT_TARGET = 9.3;
				LD_RUNPATH_SEARCH_PATHS = "$(inherited) @executable_path/Frameworks";
				PRODUCT_BUNDLE_IDENTIFIER = "com.deent.ISS-Pager";
				PRODUCT_NAME = "$(TARGET_NAME)";
				SWIFT_VERSION = 3.0;
			};
			name = Release;
		};
/* End XCBuildConfiguration section */

/* Begin XCConfigurationList section */
		373FA3F51E0B790900A20A9A /* Build configuration list for PBXProject "ISS Pager" */ = {
			isa = XCConfigurationList;
			buildConfigurations = (
				373FA40D1E0B790900A20A9A /* Debug */,
				373FA40E1E0B790900A20A9A /* Release */,
			);
			defaultConfigurationIsVisible = 0;
			defaultConfigurationName = Release;
		};
		373FA40F1E0B790900A20A9A /* Build configuration list for PBXNativeTarget "ISS Pager" */ = {
			isa = XCConfigurationList;
			buildConfigurations = (
				373FA4101E0B790900A20A9A /* Debug */,
				373FA4111E0B790900A20A9A /* Release */,
			);
			defaultConfigurationIsVisible = 0;
			defaultConfigurationName = Release;
		};
/* End XCConfigurationList section */

/* Begin XCVersionGroup section */
		373FA4041E0B790900A20A9A /* ISS_Pager.xcdatamodeld */ = {
			isa = XCVersionGroup;
			children = (
				373FA4051E0B790900A20A9A /* ISS_Pager.xcdatamodel */,
			);
			currentVersion = 373FA4051E0B790900A20A9A /* ISS_Pager.xcdatamodel */;
			path = ISS_Pager.xcdatamodeld;
			sourceTree = "<group>";
			versionGroupType = wrapper.xcdatamodel;
		};
/* End XCVersionGroup section */
	};
	rootObject = 373FA3F21E0B790900A20A9A /* Project object */;
}
